// !$*UTF8*$!
{
	archiveVersion = 1;
	classes = {
	};
	objectVersion = 56;
	objects = {

/* Begin PBXBuildFile section */
		9F2FCCA62A1A51EF006A7E23 /* MediBuddy.xcdatamodeld in Sources */ = {isa = PBXBuildFile; fileRef = 9F2FCCA42A1A51EF006A7E23 /* MediBuddy.xcdatamodeld */; };
		9F2FCCA82A1A528F006A7E23 /* DataControllor.swift in Sources */ = {isa = PBXBuildFile; fileRef = 9F2FCCA72A1A528F006A7E23 /* DataControllor.swift */; };
		9F2FCCAA2A1A5729006A7E23 /* MedicationDetailView.swift in Sources */ = {isa = PBXBuildFile; fileRef = 9F2FCCA92A1A5729006A7E23 /* MedicationDetailView.swift */; };
		9F83D1F82A24F0890093B478 /* LogMedicationView.swift in Sources */ = {isa = PBXBuildFile; fileRef = 9F83D1F72A24F0890093B478 /* LogMedicationView.swift */; };
		9F83D1FE2A24F6780093B478 /* LogEvent+CoreDataClass.swift in Sources */ = {isa = PBXBuildFile; fileRef = 9F83D1FA2A24F6780093B478 /* LogEvent+CoreDataClass.swift */; };
		9F83D1FF2A24F6780093B478 /* LogEvent+CoreDataProperties.swift in Sources */ = {isa = PBXBuildFile; fileRef = 9F83D1FB2A24F6780093B478 /* LogEvent+CoreDataProperties.swift */; };
		9F83D2002A24F6780093B478 /* Medication+CoreDataClass.swift in Sources */ = {isa = PBXBuildFile; fileRef = 9F83D1FC2A24F6780093B478 /* Medication+CoreDataClass.swift */; };
		9F83D2012A24F6780093B478 /* Medication+CoreDataProperties.swift in Sources */ = {isa = PBXBuildFile; fileRef = 9F83D1FD2A24F6780093B478 /* Medication+CoreDataProperties.swift */; };
		9FF904C42A14EBBD00910A74 /* MediBuddyApp.swift in Sources */ = {isa = PBXBuildFile; fileRef = 9FF904C32A14EBBD00910A74 /* MediBuddyApp.swift */; };
		9FF904C62A14EBBD00910A74 /* ContentView.swift in Sources */ = {isa = PBXBuildFile; fileRef = 9FF904C52A14EBBD00910A74 /* ContentView.swift */; };
		9FF904C82A14EBBE00910A74 /* Assets.xcassets in Resources */ = {isa = PBXBuildFile; fileRef = 9FF904C72A14EBBE00910A74 /* Assets.xcassets */; };
		9FF904CB2A14EBBE00910A74 /* Preview Assets.xcassets in Resources */ = {isa = PBXBuildFile; fileRef = 9FF904CA2A14EBBE00910A74 /* Preview Assets.xcassets */; };
		9FF904D22A14ECEA00910A74 /* AddMedicationView.swift in Sources */ = {isa = PBXBuildFile; fileRef = 9FF904D12A14ECEA00910A74 /* AddMedicationView.swift */; };
		9FFEAD532A14FF0D00806F13 /* Bundle-Decodable.swift in Sources */ = {isa = PBXBuildFile; fileRef = 9FFEAD522A14FF0D00806F13 /* Bundle-Decodable.swift */; };
/* End PBXBuildFile section */

/* Begin PBXFileReference section */
		9F2FCCA52A1A51EF006A7E23 /* MediBuddy.xcdatamodel */ = {isa = PBXFileReference; lastKnownFileType = wrapper.xcdatamodel; path = MediBuddy.xcdatamodel; sourceTree = "<group>"; };
		9F2FCCA72A1A528F006A7E23 /* DataControllor.swift */ = {isa = PBXFileReference; lastKnownFileType = sourcecode.swift; path = DataControllor.swift; sourceTree = "<group>"; };
		9F2FCCA92A1A5729006A7E23 /* MedicationDetailView.swift */ = {isa = PBXFileReference; lastKnownFileType = sourcecode.swift; path = MedicationDetailView.swift; sourceTree = "<group>"; };
		9F83D1F72A24F0890093B478 /* LogMedicationView.swift */ = {isa = PBXFileReference; lastKnownFileType = sourcecode.swift; path = LogMedicationView.swift; sourceTree = "<group>"; };
		9F83D1FA2A24F6780093B478 /* LogEvent+CoreDataClass.swift */ = {isa = PBXFileReference; lastKnownFileType = sourcecode.swift; path = "LogEvent+CoreDataClass.swift"; sourceTree = SOURCE_ROOT; };
		9F83D1FB2A24F6780093B478 /* LogEvent+CoreDataProperties.swift */ = {isa = PBXFileReference; lastKnownFileType = sourcecode.swift; path = "LogEvent+CoreDataProperties.swift"; sourceTree = SOURCE_ROOT; };
		9F83D1FC2A24F6780093B478 /* Medication+CoreDataClass.swift */ = {isa = PBXFileReference; lastKnownFileType = sourcecode.swift; path = "Medication+CoreDataClass.swift"; sourceTree = SOURCE_ROOT; };
		9F83D1FD2A24F6780093B478 /* Medication+CoreDataProperties.swift */ = {isa = PBXFileReference; lastKnownFileType = sourcecode.swift; path = "Medication+CoreDataProperties.swift"; sourceTree = SOURCE_ROOT; };
		9FF904C02A14EBBD00910A74 /* MediBuddy.app */ = {isa = PBXFileReference; explicitFileType = wrapper.application; includeInIndex = 0; path = MediBuddy.app; sourceTree = BUILT_PRODUCTS_DIR; };
		9FF904C32A14EBBD00910A74 /* MediBuddyApp.swift */ = {isa = PBXFileReference; lastKnownFileType = sourcecode.swift; path = MediBuddyApp.swift; sourceTree = "<group>"; };
		9FF904C52A14EBBD00910A74 /* ContentView.swift */ = {isa = PBXFileReference; lastKnownFileType = sourcecode.swift; path = ContentView.swift; sourceTree = "<group>"; };
		9FF904C72A14EBBE00910A74 /* Assets.xcassets */ = {isa = PBXFileReference; lastKnownFileType = folder.assetcatalog; path = Assets.xcassets; sourceTree = "<group>"; };
		9FF904CA2A14EBBE00910A74 /* Preview Assets.xcassets */ = {isa = PBXFileReference; lastKnownFileType = folder.assetcatalog; path = "Preview Assets.xcassets"; sourceTree = "<group>"; };
		9FF904D12A14ECEA00910A74 /* AddMedicationView.swift */ = {isa = PBXFileReference; lastKnownFileType = sourcecode.swift; path = AddMedicationView.swift; sourceTree = "<group>"; };
		9FFEAD522A14FF0D00806F13 /* Bundle-Decodable.swift */ = {isa = PBXFileReference; lastKnownFileType = sourcecode.swift; path = "Bundle-Decodable.swift"; sourceTree = "<group>"; };
/* End PBXFileReference section */

/* Begin PBXFrameworksBuildPhase section */
		9FF904BD2A14EBBD00910A74 /* Frameworks */ = {
			isa = PBXFrameworksBuildPhase;
			buildActionMask = 2147483647;
			files = (
			);
			runOnlyForDeploymentPostprocessing = 0;
		};
/* End PBXFrameworksBuildPhase section */

/* Begin PBXGroup section */
		9F83D1F92A24F63A0093B478 /* Entity Subclasses */ = {
			isa = PBXGroup;
			children = (
				9F83D1FA2A24F6780093B478 /* LogEvent+CoreDataClass.swift */,
				9F83D1FB2A24F6780093B478 /* LogEvent+CoreDataProperties.swift */,
				9F83D1FC2A24F6780093B478 /* Medication+CoreDataClass.swift */,
				9F83D1FD2A24F6780093B478 /* Medication+CoreDataProperties.swift */,
			);
			path = "Entity Subclasses";
			sourceTree = "<group>";
		};
		9FF904B72A14EBBD00910A74 = {
			isa = PBXGroup;
			children = (
				9FF904C22A14EBBD00910A74 /* MediBuddy */,
				9FF904C12A14EBBD00910A74 /* Products */,
			);
			sourceTree = "<group>";
		};
		9FF904C12A14EBBD00910A74 /* Products */ = {
			isa = PBXGroup;
			children = (
				9FF904C02A14EBBD00910A74 /* MediBuddy.app */,
			);
			name = Products;
			sourceTree = "<group>";
		};
		9FF904C22A14EBBD00910A74 /* MediBuddy */ = {
			isa = PBXGroup;
			children = (
				9F83D1F92A24F63A0093B478 /* Entity Subclasses */,
				9F2FCCA92A1A5729006A7E23 /* MedicationDetailView.swift */,
				9FF904C32A14EBBD00910A74 /* MediBuddyApp.swift */,
				9FF904C52A14EBBD00910A74 /* ContentView.swift */,
				9F83D1F72A24F0890093B478 /* LogMedicationView.swift */,
				9FF904D12A14ECEA00910A74 /* AddMedicationView.swift */,
				9F2FCCA42A1A51EF006A7E23 /* MediBuddy.xcdatamodeld */,
				9FFEAD522A14FF0D00806F13 /* Bundle-Decodable.swift */,
				9F2FCCA72A1A528F006A7E23 /* DataControllor.swift */,
				9FF904C72A14EBBE00910A74 /* Assets.xcassets */,
				9FF904C92A14EBBE00910A74 /* Preview Content */,
			);
			path = MediBuddy;
			sourceTree = "<group>";
		};
		9FF904C92A14EBBE00910A74 /* Preview Content */ = {
			isa = PBXGroup;
			children = (
				9FF904CA2A14EBBE00910A74 /* Preview Assets.xcassets */,
			);
			path = "Preview Content";
			sourceTree = "<group>";
		};
/* End PBXGroup section */

/* Begin PBXNativeTarget section */
		9FF904BF2A14EBBD00910A74 /* MediBuddy */ = {
			isa = PBXNativeTarget;
			buildConfigurationList = 9FF904CE2A14EBBE00910A74 /* Build configuration list for PBXNativeTarget "MediBuddy" */;
			buildPhases = (
				9FF904BC2A14EBBD00910A74 /* Sources */,
				9FF904BD2A14EBBD00910A74 /* Frameworks */,
				9FF904BE2A14EBBD00910A74 /* Resources */,
			);
			buildRules = (
			);
			dependencies = (
			);
			name = MediBuddy;
			productName = MediBuddy;
			productReference = 9FF904C02A14EBBD00910A74 /* MediBuddy.app */;
			productType = "com.apple.product-type.application";
		};
/* End PBXNativeTarget section */

/* Begin PBXProject section */
		9FF904B82A14EBBD00910A74 /* Project object */ = {
			isa = PBXProject;
			attributes = {
				BuildIndependentTargetsInParallel = 1;
				LastSwiftUpdateCheck = 1430;
				LastUpgradeCheck = 1430;
				TargetAttributes = {
					9FF904BF2A14EBBD00910A74 = {
						CreatedOnToolsVersion = 14.3;
					};
				};
			};
			buildConfigurationList = 9FF904BB2A14EBBD00910A74 /* Build configuration list for PBXProject "MediBuddy" */;
			compatibilityVersion = "Xcode 14.0";
			developmentRegion = en;
			hasScannedForEncodings = 0;
			knownRegions = (
				en,
				Base,
			);
			mainGroup = 9FF904B72A14EBBD00910A74;
			productRefGroup = 9FF904C12A14EBBD00910A74 /* Products */;
			projectDirPath = "";
			projectRoot = "";
			targets = (
				9FF904BF2A14EBBD00910A74 /* MediBuddy */,
			);
		};
/* End PBXProject section */

/* Begin PBXResourcesBuildPhase section */
		9FF904BE2A14EBBD00910A74 /* Resources */ = {
			isa = PBXResourcesBuildPhase;
			buildActionMask = 2147483647;
			files = (
				9FF904CB2A14EBBE00910A74 /* Preview Assets.xcassets in Resources */,
				9FF904C82A14EBBE00910A74 /* Assets.xcassets in Resources */,
			);
			runOnlyForDeploymentPostprocessing = 0;
		};
/* End PBXResourcesBuildPhase section */

/* Begin PBXSourcesBuildPhase section */
		9FF904BC2A14EBBD00910A74 /* Sources */ = {
			isa = PBXSourcesBuildPhase;
			buildActionMask = 2147483647;
			files = (
				9F2FCCAA2A1A5729006A7E23 /* MedicationDetailView.swift in Sources */,
				9FF904C62A14EBBD00910A74 /* ContentView.swift in Sources */,
				9F83D1FE2A24F6780093B478 /* LogEvent+CoreDataClass.swift in Sources */,
				9FF904C42A14EBBD00910A74 /* MediBuddyApp.swift in Sources */,
				9F83D2002A24F6780093B478 /* Medication+CoreDataClass.swift in Sources */,
				9F2FCCA82A1A528F006A7E23 /* DataControllor.swift in Sources */,
				9F83D2012A24F6780093B478 /* Medication+CoreDataProperties.swift in Sources */,
				9F83D1FF2A24F6780093B478 /* LogEvent+CoreDataProperties.swift in Sources */,
				9F83D1F82A24F0890093B478 /* LogMedicationView.swift in Sources */,
				9FFEAD532A14FF0D00806F13 /* Bundle-Decodable.swift in Sources */,
				9FF904D22A14ECEA00910A74 /* AddMedicationView.swift in Sources */,
				9F2FCCA62A1A51EF006A7E23 /* MediBuddy.xcdatamodeld in Sources */,
			);
			runOnlyForDeploymentPostprocessing = 0;
		};
/* End PBXSourcesBuildPhase section */

/* Begin XCBuildConfiguration section */
		9FF904CC2A14EBBE00910A74 /* Debug */ = {
			isa = XCBuildConfiguration;
			buildSettings = {
				ALWAYS_SEARCH_USER_PATHS = NO;
				CLANG_ANALYZER_NONNULL = YES;
				CLANG_ANALYZER_NUMBER_OBJECT_CONVERSION = YES_AGGRESSIVE;
				CLANG_CXX_LANGUAGE_STANDARD = "gnu++20";
				CLANG_ENABLE_MODULES = YES;
				CLANG_ENABLE_OBJC_ARC = YES;
				CLANG_ENABLE_OBJC_WEAK = YES;
				CLANG_WARN_BLOCK_CAPTURE_AUTORELEASING = YES;
				CLANG_WARN_BOOL_CONVERSION = YES;
				CLANG_WARN_COMMA = YES;
				CLANG_WARN_CONSTANT_CONVERSION = YES;
				CLANG_WARN_DEPRECATED_OBJC_IMPLEMENTATIONS = YES;
				CLANG_WARN_DIRECT_OBJC_ISA_USAGE = YES_ERROR;
				CLANG_WARN_DOCUMENTATION_COMMENTS = YES;
				CLANG_WARN_EMPTY_BODY = YES;
				CLANG_WARN_ENUM_CONVERSION = YES;
				CLANG_WARN_INFINITE_RECURSION = YES;
				CLANG_WARN_INT_CONVERSION = YES;
				CLANG_WARN_NON_LITERAL_NULL_CONVERSION = YES;
				CLANG_WARN_OBJC_IMPLICIT_RETAIN_SELF = YES;
				CLANG_WARN_OBJC_LITERAL_CONVERSION = YES;
				CLANG_WARN_OBJC_ROOT_CLASS = YES_ERROR;
				CLANG_WARN_QUOTED_INCLUDE_IN_FRAMEWORK_HEADER = YES;
				CLANG_WARN_RANGE_LOOP_ANALYSIS = YES;
				CLANG_WARN_STRICT_PROTOTYPES = YES;
				CLANG_WARN_SUSPICIOUS_MOVE = YES;
				CLANG_WARN_UNGUARDED_AVAILABILITY = YES_AGGRESSIVE;
				CLANG_WARN_UNREACHABLE_CODE = YES;
				CLANG_WARN__DUPLICATE_METHOD_MATCH = YES;
				COPY_PHASE_STRIP = NO;
				DEBUG_INFORMATION_FORMAT = dwarf;
				ENABLE_STRICT_OBJC_MSGSEND = YES;
				ENABLE_TESTABILITY = YES;
				GCC_C_LANGUAGE_STANDARD = gnu11;
				GCC_DYNAMIC_NO_PIC = NO;
				GCC_NO_COMMON_BLOCKS = YES;
				GCC_OPTIMIZATION_LEVEL = 0;
				GCC_PREPROCESSOR_DEFINITIONS = (
					"DEBUG=1",
					"$(inherited)",
				);
				GCC_WARN_64_TO_32_BIT_CONVERSION = YES;
				GCC_WARN_ABOUT_RETURN_TYPE = YES_ERROR;
				GCC_WARN_UNDECLARED_SELECTOR = YES;
				GCC_WARN_UNINITIALIZED_AUTOS = YES_AGGRESSIVE;
				GCC_WARN_UNUSED_FUNCTION = YES;
				GCC_WARN_UNUSED_VARIABLE = YES;
				IPHONEOS_DEPLOYMENT_TARGET = 16.4;
				MTL_ENABLE_DEBUG_INFO = INCLUDE_SOURCE;
				MTL_FAST_MATH = YES;
				ONLY_ACTIVE_ARCH = YES;
				SDKROOT = iphoneos;
				SWIFT_ACTIVE_COMPILATION_CONDITIONS = DEBUG;
				SWIFT_OPTIMIZATION_LEVEL = "-Onone";
			};
			name = Debug;
		};
		9FF904CD2A14EBBE00910A74 /* Release */ = {
			isa = XCBuildConfiguration;
			buildSettings = {
				ALWAYS_SEARCH_USER_PATHS = NO;
				CLANG_ANALYZER_NONNULL = YES;
				CLANG_ANALYZER_NUMBER_OBJECT_CONVERSION = YES_AGGRESSIVE;
				CLANG_CXX_LANGUAGE_STANDARD = "gnu++20";
				CLANG_ENABLE_MODULES = YES;
				CLANG_ENABLE_OBJC_ARC = YES;
				CLANG_ENABLE_OBJC_WEAK = YES;
				CLANG_WARN_BLOCK_CAPTURE_AUTORELEASING = YES;
				CLANG_WARN_BOOL_CONVERSION = YES;
				CLANG_WARN_COMMA = YES;
				CLANG_WARN_CONSTANT_CONVERSION = YES;
				CLANG_WARN_DEPRECATED_OBJC_IMPLEMENTATIONS = YES;
				CLANG_WARN_DIRECT_OBJC_ISA_USAGE = YES_ERROR;
				CLANG_WARN_DOCUMENTATION_COMMENTS = YES;
				CLANG_WARN_EMPTY_BODY = YES;
				CLANG_WARN_ENUM_CONVERSION = YES;
				CLANG_WARN_INFINITE_RECURSION = YES;
				CLANG_WARN_INT_CONVERSION = YES;
				CLANG_WARN_NON_LITERAL_NULL_CONVERSION = YES;
				CLANG_WARN_OBJC_IMPLICIT_RETAIN_SELF = YES;
				CLANG_WARN_OBJC_LITERAL_CONVERSION = YES;
				CLANG_WARN_OBJC_ROOT_CLASS = YES_ERROR;
				CLANG_WARN_QUOTED_INCLUDE_IN_FRAMEWORK_HEADER = YES;
				CLANG_WARN_RANGE_LOOP_ANALYSIS = YES;
				CLANG_WARN_STRICT_PROTOTYPES = YES;
				CLANG_WARN_SUSPICIOUS_MOVE = YES;
				CLANG_WARN_UNGUARDED_AVAILABILITY = YES_AGGRESSIVE;
				CLANG_WARN_UNREACHABLE_CODE = YES;
				CLANG_WARN__DUPLICATE_METHOD_MATCH = YES;
				COPY_PHASE_STRIP = NO;
				DEBUG_INFORMATION_FORMAT = "dwarf-with-dsym";
				ENABLE_NS_ASSERTIONS = NO;
				ENABLE_STRICT_OBJC_MSGSEND = YES;
				GCC_C_LANGUAGE_STANDARD = gnu11;
				GCC_NO_COMMON_BLOCKS = YES;
				GCC_WARN_64_TO_32_BIT_CONVERSION = YES;
				GCC_WARN_ABOUT_RETURN_TYPE = YES_ERROR;
				GCC_WARN_UNDECLARED_SELECTOR = YES;
				GCC_WARN_UNINITIALIZED_AUTOS = YES_AGGRESSIVE;
				GCC_WARN_UNUSED_FUNCTION = YES;
				GCC_WARN_UNUSED_VARIABLE = YES;
				IPHONEOS_DEPLOYMENT_TARGET = 16.4;
				MTL_ENABLE_DEBUG_INFO = NO;
				MTL_FAST_MATH = YES;
				SDKROOT = iphoneos;
				SWIFT_COMPILATION_MODE = wholemodule;
				SWIFT_OPTIMIZATION_LEVEL = "-O";
				VALIDATE_PRODUCT = YES;
			};
			name = Release;
		};
		9FF904CF2A14EBBE00910A74 /* Debug */ = {
			isa = XCBuildConfiguration;
			buildSettings = {
				ASSETCATALOG_COMPILER_APPICON_NAME = AppIcon;
				ASSETCATALOG_COMPILER_GLOBAL_ACCENT_COLOR_NAME = AccentColor;
				CODE_SIGN_STYLE = Automatic;
				CURRENT_PROJECT_VERSION = 1;
				DEVELOPMENT_ASSET_PATHS = "\"MediBuddy/Preview Content\"";
				DEVELOPMENT_TEAM = JK848CK6FL;
				ENABLE_PREVIEWS = YES;
				GENERATE_INFOPLIST_FILE = YES;
				INFOPLIST_KEY_UIApplicationSceneManifest_Generation = YES;
				INFOPLIST_KEY_UIApplicationSupportsIndirectInputEvents = YES;
				INFOPLIST_KEY_UILaunchScreen_Generation = YES;
				INFOPLIST_KEY_UISupportedInterfaceOrientations_iPad = "UIInterfaceOrientationPortrait UIInterfaceOrientationPortraitUpsideDown UIInterfaceOrientationLandscapeLeft UIInterfaceOrientationLandscapeRight";
				INFOPLIST_KEY_UISupportedInterfaceOrientations_iPhone = "UIInterfaceOrientationPortrait UIInterfaceOrientationLandscapeLeft UIInterfaceOrientationLandscapeRight";
				LD_RUNPATH_SEARCH_PATHS = (
					"$(inherited)",
					"@executable_path/Frameworks",
				);
				MARKETING_VERSION = 1.0;
				PRODUCT_BUNDLE_IDENTIFIER = com.simplifialltech.MediBuddy;
				PRODUCT_NAME = "$(TARGET_NAME)";
				SWIFT_EMIT_LOC_STRINGS = YES;
				SWIFT_VERSION = 5.0;
				TARGETED_DEVICE_FAMILY = "1,2";
			};
			name = Debug;
		};
		9FF904D02A14EBBE00910A74 /* Release */ = {
			isa = XCBuildConfiguration;
			buildSettings = {
				ASSETCATALOG_COMPILER_APPICON_NAME = AppIcon;
				ASSETCATALOG_COMPILER_GLOBAL_ACCENT_COLOR_NAME = AccentColor;
				CODE_SIGN_STYLE = Automatic;
				CURRENT_PROJECT_VERSION = 1;
				DEVELOPMENT_ASSET_PATHS = "\"MediBuddy/Preview Content\"";
				DEVELOPMENT_TEAM = JK848CK6FL;
				ENABLE_PREVIEWS = YES;
				GENERATE_INFOPLIST_FILE = YES;
				INFOPLIST_KEY_UIApplicationSceneManifest_Generation = YES;
				INFOPLIST_KEY_UIApplicationSupportsIndirectInputEvents = YES;
				INFOPLIST_KEY_UILaunchScreen_Generation = YES;
				INFOPLIST_KEY_UISupportedInterfaceOrientations_iPad = "UIInterfaceOrientationPortrait UIInterfaceOrientationPortraitUpsideDown UIInterfaceOrientationLandscapeLeft UIInterfaceOrientationLandscapeRight";
				INFOPLIST_KEY_UISupportedInterfaceOrientations_iPhone = "UIInterfaceOrientationPortrait UIInterfaceOrientationLandscapeLeft UIInterfaceOrientationLandscapeRight";
				LD_RUNPATH_SEARCH_PATHS = (
					"$(inherited)",
					"@executable_path/Frameworks",
				);
				MARKETING_VERSION = 1.0;
				PRODUCT_BUNDLE_IDENTIFIER = com.simplifialltech.MediBuddy;
				PRODUCT_NAME = "$(TARGET_NAME)";
				SWIFT_EMIT_LOC_STRINGS = YES;
				SWIFT_VERSION = 5.0;
				TARGETED_DEVICE_FAMILY = "1,2";
			};
			name = Release;
		};
/* End XCBuildConfiguration section */

/* Begin XCConfigurationList section */
		9FF904BB2A14EBBD00910A74 /* Build configuration list for PBXProject "MediBuddy" */ = {
			isa = XCConfigurationList;
			buildConfigurations = (
				9FF904CC2A14EBBE00910A74 /* Debug */,
				9FF904CD2A14EBBE00910A74 /* Release */,
			);
			defaultConfigurationIsVisible = 0;
			defaultConfigurationName = Release;
		};
		9FF904CE2A14EBBE00910A74 /* Build configuration list for PBXNativeTarget "MediBuddy" */ = {
			isa = XCConfigurationList;
			buildConfigurations = (
				9FF904CF2A14EBBE00910A74 /* Debug */,
				9FF904D02A14EBBE00910A74 /* Release */,
			);
			defaultConfigurationIsVisible = 0;
			defaultConfigurationName = Release;
		};
/* End XCConfigurationList section */

/* Begin XCVersionGroup section */
		9F2FCCA42A1A51EF006A7E23 /* MediBuddy.xcdatamodeld */ = {
			isa = XCVersionGroup;
			children = (
				9F2FCCA52A1A51EF006A7E23 /* MediBuddy.xcdatamodel */,
			);
			currentVersion = 9F2FCCA52A1A51EF006A7E23 /* MediBuddy.xcdatamodel */;
			path = MediBuddy.xcdatamodeld;
			sourceTree = "<group>";
			versionGroupType = wrapper.xcdatamodel;
		};
/* End XCVersionGroup section */
	};
	rootObject = 9FF904B82A14EBBD00910A74 /* Project object */;
}
